
Microsoft Visual Studio Solution File, Format Version 12.00
# Visual Studio Version 16
VisualStudioVersion = 16.0.31321.278
MinimumVisualStudioVersion = 10.0.40219.1
Project("{FAE04EC0-301F-11D3-BF4B-00C04F79EFBC}") = "LolSharp", "LolSharp\LolSharp.csproj", "{4744F459-57EE-4AFE-BBAF-9BBC51B4CA67}"
EndProject
Global
	GlobalSection(SolutionConfigurationPlatforms) = preSolution
		Debug|Any CPU = Debug|Any CPU
		Release|Any CPU = Release|Any CPU
	EndGlobalSection
	GlobalSection(ProjectConfigurationPlatforms) = postSolution
		{4744F459-57EE-4AFE-BBAF-9BBC51B4CA67}.Debug|Any CPU.ActiveCfg = Debug|Any CPU
		{4744F459-57EE-4AFE-BBAF-9BBC51B4CA67}.Debug|Any CPU.Build.0 = Debug|Any CPU
		{4744F459-57EE-4AFE-BBAF-9BBC51B4CA67}.Release|Any CPU.ActiveCfg = Release|Any CPU
		{4744F459-57EE-4AFE-BBAF-9BBC51B4CA67}.Release|Any CPU.Build.0 = Release|Any CPU
	EndGlobalSection
	GlobalSection(SolutionProperties) = preSolution
		HideSolutionNode = FALSE
	EndGlobalSection
	GlobalSection(ExtensibilityGlobals) = postSolution
		SolutionGuid = {BCF98B5F-FE0E-4D24-8629-0AC8A7801316}
	EndGlobalSection
EndGlobal
